
Microsoft Visual Studio Solution File, Format Version 12.00
# Visual Studio 14
VisualStudioVersion = 14.0.25420.1
MinimumVisualStudioVersion = 10.0.40219.1
Project("{FAE04EC0-301F-11D3-BF4B-00C04F79EFBC}") = "Blog", "Blog\Blog.csproj", "{CA05D26D-1B96-4F00-BD79-4564ED2D6A0E}"
EndProject
Global
	GlobalSection(SolutionConfigurationPlatforms) = preSolution
		Debug|Any CPU = Debug|Any CPU
		Release|Any CPU = Release|Any CPU
	EndGlobalSection
	GlobalSection(ProjectConfigurationPlatforms) = postSolution
		{CA05D26D-1B96-4F00-BD79-4564ED2D6A0E}.Debug|Any CPU.ActiveCfg = Debug|Any CPU
		{CA05D26D-1B96-4F00-BD79-4564ED2D6A0E}.Debug|Any CPU.Build.0 = Debug|Any CPU
		{CA05D26D-1B96-4F00-BD79-4564ED2D6A0E}.Release|Any CPU.ActiveCfg = Release|Any CPU
		{CA05D26D-1B96-4F00-BD79-4564ED2D6A0E}.Release|Any CPU.Build.0 = Release|Any CPU
	EndGlobalSection
	GlobalSection(SolutionProperties) = preSolution
		HideSolutionNode = FALSE
	EndGlobalSection
EndGlobal
